
Microsoft Visual Studio Solution File, Format Version 12.00
# Visual Studio 15
VisualStudioVersion = 15.0.28307.136
MinimumVisualStudioVersion = 10.0.40219.1
Project("{FAE04EC0-301F-11D3-BF4B-00C04F79EFBC}") = "WebApplication3_Image", "WebApplication3_Image\WebApplication3_Image.csproj", "{0C5E600E-D80C-43C5-A965-E591242F7741}"
EndProject
Global
	GlobalSection(SolutionConfigurationPlatforms) = preSolution
		Debug|Any CPU = Debug|Any CPU
		Release|Any CPU = Release|Any CPU
	EndGlobalSection
	GlobalSection(ProjectConfigurationPlatforms) = postSolution
		{0C5E600E-D80C-43C5-A965-E591242F7741}.Debug|Any CPU.ActiveCfg = Debug|Any CPU
		{0C5E600E-D80C-43C5-A965-E591242F7741}.Debug|Any CPU.Build.0 = Debug|Any CPU
		{0C5E600E-D80C-43C5-A965-E591242F7741}.Release|Any CPU.ActiveCfg = Release|Any CPU
		{0C5E600E-D80C-43C5-A965-E591242F7741}.Release|Any CPU.Build.0 = Release|Any CPU
	EndGlobalSection
	GlobalSection(SolutionProperties) = preSolution
		HideSolutionNode = FALSE
	EndGlobalSection
	GlobalSection(ExtensibilityGlobals) = postSolution
		SolutionGuid = {E3EDAE2A-0A1C-43E1-806B-27568D890027}
	EndGlobalSection
EndGlobal
